
Microsoft Visual Studio Solution File, Format Version 12.00
# Visual Studio 14
VisualStudioVersion = 14.0.25420.1
MinimumVisualStudioVersion = 10.0.40219.1
Project("{FAE04EC0-301F-11D3-BF4B-00C04F79EFBC}") = "NugetPackage", "NugetPackage\NugetPackage.csproj", "{5165212A-366B-4CE3-B998-9A960B5BBE37}"
EndProject
Project("{FAE04EC0-301F-11D3-BF4B-00C04F79EFBC}") = "NugetPackageServerFeed", "NugetPackageServerFeed\NugetPackageServerFeed.csproj", "{8F97D654-D545-490F-A31B-AACED20DE640}"
EndProject
Project("{FAE04EC0-301F-11D3-BF4B-00C04F79EFBC}") = "NugetPackageConsoleTest", "NugetPackageConsoleTest\NugetPackageConsoleTest.csproj", "{34FFDA73-9868-41AD-B89C-5FA40C783218}"
EndProject
Project("{2150E333-8FDC-42A3-9474-1A3956D46DE8}") = "Solution Items", "Solution Items", "{666FF7A1-868D-4D32-8DC6-9CB749633968}"
	ProjectSection(SolutionItems) = preProject
		nuspec.xsd = nuspec.xsd
	EndProjectSection
EndProject
Global
	GlobalSection(SolutionConfigurationPlatforms) = preSolution
		Debug|Any CPU = Debug|Any CPU
		Release|Any CPU = Release|Any CPU
	EndGlobalSection
	GlobalSection(ProjectConfigurationPlatforms) = postSolution
		{5165212A-366B-4CE3-B998-9A960B5BBE37}.Debug|Any CPU.ActiveCfg = Debug|Any CPU
		{5165212A-366B-4CE3-B998-9A960B5BBE37}.Debug|Any CPU.Build.0 = Debug|Any CPU
		{5165212A-366B-4CE3-B998-9A960B5BBE37}.Release|Any CPU.ActiveCfg = Release|Any CPU
		{5165212A-366B-4CE3-B998-9A960B5BBE37}.Release|Any CPU.Build.0 = Release|Any CPU
		{8F97D654-D545-490F-A31B-AACED20DE640}.Debug|Any CPU.ActiveCfg = Debug|Any CPU
		{8F97D654-D545-490F-A31B-AACED20DE640}.Debug|Any CPU.Build.0 = Debug|Any CPU
		{8F97D654-D545-490F-A31B-AACED20DE640}.Release|Any CPU.ActiveCfg = Release|Any CPU
		{8F97D654-D545-490F-A31B-AACED20DE640}.Release|Any CPU.Build.0 = Release|Any CPU
		{34FFDA73-9868-41AD-B89C-5FA40C783218}.Debug|Any CPU.ActiveCfg = Debug|Any CPU
		{34FFDA73-9868-41AD-B89C-5FA40C783218}.Debug|Any CPU.Build.0 = Debug|Any CPU
		{34FFDA73-9868-41AD-B89C-5FA40C783218}.Release|Any CPU.ActiveCfg = Release|Any CPU
		{34FFDA73-9868-41AD-B89C-5FA40C783218}.Release|Any CPU.Build.0 = Release|Any CPU
	EndGlobalSection
	GlobalSection(SolutionProperties) = preSolution
		HideSolutionNode = FALSE
	EndGlobalSection
EndGlobal
