
Microsoft Visual Studio Solution File, Format Version 12.00
# Visual Studio 2013
VisualStudioVersion = 12.0.40629.0
MinimumVisualStudioVersion = 10.0.40219.1
Project("{FAE04EC0-301F-11D3-BF4B-00C04F79EFBC}") = "ConsoleApplication", "ConsoleApplication\ConsoleApplication.csproj", "{194CD81E-BCC3-46A9-99CC-20005EEDAE02}"
EndProject
Project("{FAE04EC0-301F-11D3-BF4B-00C04F79EFBC}") = "FileSystemVisitor", "FileSystemVisitor\FileSystemVisitor.csproj", "{E5AB83B1-1196-4073-831E-4683AA5E1511}"
EndProject
Project("{FAE04EC0-301F-11D3-BF4B-00C04F79EFBC}") = "FileSystemVisitorTests", "FileSystemVisitorTests\FileSystemVisitorTests.csproj", "{FBD35DE1-46A8-4FF2-BA06-981063C6BD38}"
EndProject
Project("{2150E333-8FDC-42A3-9474-1A3956D46DE8}") = ".nuget", ".nuget", "{A5E140AA-2B1B-4A2A-BD7F-7521C01B4C91}"
	ProjectSection(SolutionItems) = preProject
		.nuget\packages.config = .nuget\packages.config
	EndProjectSection
EndProject
Global
	GlobalSection(SolutionConfigurationPlatforms) = preSolution
		Debug|Any CPU = Debug|Any CPU
		Release|Any CPU = Release|Any CPU
	EndGlobalSection
	GlobalSection(ProjectConfigurationPlatforms) = postSolution
		{194CD81E-BCC3-46A9-99CC-20005EEDAE02}.Debug|Any CPU.ActiveCfg = Debug|Any CPU
		{194CD81E-BCC3-46A9-99CC-20005EEDAE02}.Debug|Any CPU.Build.0 = Debug|Any CPU
		{194CD81E-BCC3-46A9-99CC-20005EEDAE02}.Release|Any CPU.ActiveCfg = Release|Any CPU
		{194CD81E-BCC3-46A9-99CC-20005EEDAE02}.Release|Any CPU.Build.0 = Release|Any CPU
		{E5AB83B1-1196-4073-831E-4683AA5E1511}.Debug|Any CPU.ActiveCfg = Debug|Any CPU
		{E5AB83B1-1196-4073-831E-4683AA5E1511}.Debug|Any CPU.Build.0 = Debug|Any CPU
		{E5AB83B1-1196-4073-831E-4683AA5E1511}.Release|Any CPU.ActiveCfg = Release|Any CPU
		{E5AB83B1-1196-4073-831E-4683AA5E1511}.Release|Any CPU.Build.0 = Release|Any CPU
		{FBD35DE1-46A8-4FF2-BA06-981063C6BD38}.Debug|Any CPU.ActiveCfg = Debug|Any CPU
		{FBD35DE1-46A8-4FF2-BA06-981063C6BD38}.Debug|Any CPU.Build.0 = Debug|Any CPU
		{FBD35DE1-46A8-4FF2-BA06-981063C6BD38}.Release|Any CPU.ActiveCfg = Release|Any CPU
		{FBD35DE1-46A8-4FF2-BA06-981063C6BD38}.Release|Any CPU.Build.0 = Release|Any CPU
	EndGlobalSection
	GlobalSection(SolutionProperties) = preSolution
		HideSolutionNode = FALSE
	EndGlobalSection
EndGlobal
