
Microsoft Visual Studio Solution File, Format Version 12.00
# Visual Studio 14
VisualStudioVersion = 14.0.25420.1
MinimumVisualStudioVersion = 10.0.40219.1
Project("{FAE04EC0-301F-11D3-BF4B-00C04F79EFBC}") = "ConsoleApplication", "ConsoleApplication\ConsoleApplication.csproj", "{A058C3C7-177E-4758-A2F0-C8691058C21E}"
EndProject
Project("{FAE04EC0-301F-11D3-BF4B-00C04F79EFBC}") = "ParserConsoleApp", "ParserConsoleApp\ParserConsoleApp.csproj", "{67C61BBB-C0AF-4F02-8262-EE6CA8F33491}"
EndProject
Project("{FAE04EC0-301F-11D3-BF4B-00C04F79EFBC}") = "StringParser", "StringParser\StringParser.csproj", "{E1E4B0EC-20E3-4D77-B8A3-9C2AD93B6AE4}"
EndProject
Global
	GlobalSection(SolutionConfigurationPlatforms) = preSolution
		Debug|Any CPU = Debug|Any CPU
		Release|Any CPU = Release|Any CPU
	EndGlobalSection
	GlobalSection(ProjectConfigurationPlatforms) = postSolution
		{A058C3C7-177E-4758-A2F0-C8691058C21E}.Debug|Any CPU.ActiveCfg = Debug|Any CPU
		{A058C3C7-177E-4758-A2F0-C8691058C21E}.Debug|Any CPU.Build.0 = Debug|Any CPU
		{A058C3C7-177E-4758-A2F0-C8691058C21E}.Release|Any CPU.ActiveCfg = Release|Any CPU
		{A058C3C7-177E-4758-A2F0-C8691058C21E}.Release|Any CPU.Build.0 = Release|Any CPU
		{67C61BBB-C0AF-4F02-8262-EE6CA8F33491}.Debug|Any CPU.ActiveCfg = Debug|Any CPU
		{67C61BBB-C0AF-4F02-8262-EE6CA8F33491}.Debug|Any CPU.Build.0 = Debug|Any CPU
		{67C61BBB-C0AF-4F02-8262-EE6CA8F33491}.Release|Any CPU.ActiveCfg = Release|Any CPU
		{67C61BBB-C0AF-4F02-8262-EE6CA8F33491}.Release|Any CPU.Build.0 = Release|Any CPU
		{E1E4B0EC-20E3-4D77-B8A3-9C2AD93B6AE4}.Debug|Any CPU.ActiveCfg = Debug|Any CPU
		{E1E4B0EC-20E3-4D77-B8A3-9C2AD93B6AE4}.Debug|Any CPU.Build.0 = Debug|Any CPU
		{E1E4B0EC-20E3-4D77-B8A3-9C2AD93B6AE4}.Release|Any CPU.ActiveCfg = Release|Any CPU
		{E1E4B0EC-20E3-4D77-B8A3-9C2AD93B6AE4}.Release|Any CPU.Build.0 = Release|Any CPU
	EndGlobalSection
	GlobalSection(SolutionProperties) = preSolution
		HideSolutionNode = FALSE
	EndGlobalSection
EndGlobal
